// !$*UTF8*$!
{
	archiveVersion = 1;
	classes = {
	};
	objectVersion = 46;
	objects = {

/* Begin PBXBuildFile section */
		69006D4A19DD623C00B0CB4D /* UIBarButtonItem+CY.m in Sources */ = {isa = PBXBuildFile; fileRef = 69006D4919DD623C00B0CB4D /* UIBarButtonItem+CY.m */; };
		69006D4D19DD85A500B0CB4D /* RWSearchBar.m in Sources */ = {isa = PBXBuildFile; fileRef = 69006D4C19DD85A500B0CB4D /* RWSearchBar.m */; };
		69006D5019DDA12500B0CB4D /* RWTitleButton.m in Sources */ = {isa = PBXBuildFile; fileRef = 69006D4F19DDA12500B0CB4D /* RWTitleButton.m */; };
		6908739519D41EB300F2568F /* Foundation.framework in Frameworks */ = {isa = PBXBuildFile; fileRef = 6908739419D41EB300F2568F /* Foundation.framework */; };
		6908739719D41EB300F2568F /* CoreGraphics.framework in Frameworks */ = {isa = PBXBuildFile; fileRef = 6908739619D41EB300F2568F /* CoreGraphics.framework */; };
		6908739919D41EB300F2568F /* UIKit.framework in Frameworks */ = {isa = PBXBuildFile; fileRef = 6908739819D41EB300F2568F /* UIKit.framework */; };
		6908739F19D41EB300F2568F /* InfoPlist.strings in Resources */ = {isa = PBXBuildFile; fileRef = 6908739D19D41EB300F2568F /* InfoPlist.strings */; };
		690873A719D41EB300F2568F /* Images.xcassets in Resources */ = {isa = PBXBuildFile; fileRef = 690873A619D41EB300F2568F /* Images.xcassets */; };
		690873AE19D41EB300F2568F /* XCTest.framework in Frameworks */ = {isa = PBXBuildFile; fileRef = 690873AD19D41EB300F2568F /* XCTest.framework */; };
		690873AF19D41EB300F2568F /* Foundation.framework in Frameworks */ = {isa = PBXBuildFile; fileRef = 6908739419D41EB300F2568F /* Foundation.framework */; };
		690873B019D41EB300F2568F /* UIKit.framework in Frameworks */ = {isa = PBXBuildFile; fileRef = 6908739819D41EB300F2568F /* UIKit.framework */; };
		690873B819D41EB300F2568F /* InfoPlist.strings in Resources */ = {isa = PBXBuildFile; fileRef = 690873B619D41EB300F2568F /* InfoPlist.strings */; };
		690873BA19D41EB300F2568F /* RailsWeiboTests.m in Sources */ = {isa = PBXBuildFile; fileRef = 690873B919D41EB300F2568F /* RailsWeiboTests.m */; };
		690873FF19D56C3F00F2568F /* RWDiscoverViewController.m in Sources */ = {isa = PBXBuildFile; fileRef = 690873DC19D56C3F00F2568F /* RWDiscoverViewController.m */; };
		6908740119D56C3F00F2568F /* RWHomeViewController.m in Sources */ = {isa = PBXBuildFile; fileRef = 690873E419D56C3F00F2568F /* RWHomeViewController.m */; };
		6908740219D56C3F00F2568F /* RWTabBarViewController.m in Sources */ = {isa = PBXBuildFile; fileRef = 690873EA19D56C3F00F2568F /* RWTabBarViewController.m */; };
		6908740319D56C3F00F2568F /* RWMeViewController.m in Sources */ = {isa = PBXBuildFile; fileRef = 690873F019D56C3F00F2568F /* RWMeViewController.m */; };
		6908740419D56C3F00F2568F /* RWMessageViewController.m in Sources */ = {isa = PBXBuildFile; fileRef = 690873F619D56C3F00F2568F /* RWMessageViewController.m */; };
		6908740519D56C3F00F2568F /* main.m in Sources */ = {isa = PBXBuildFile; fileRef = 690873FB19D56C3F00F2568F /* main.m */; };
		6908740619D56C3F00F2568F /* RWAppDelegate.m in Sources */ = {isa = PBXBuildFile; fileRef = 690873FE19D56C3F00F2568F /* RWAppDelegate.m */; };
		6908740919D56EBB00F2568F /* UIImage+CY.m in Sources */ = {isa = PBXBuildFile; fileRef = 6908740819D56EBB00F2568F /* UIImage+CY.m */; };
		6908740C19D596EF00F2568F /* RWTabBar.m in Sources */ = {isa = PBXBuildFile; fileRef = 6908740B19D596EF00F2568F /* RWTabBar.m */; };
		6943905D19DE36FD00BE32BF /* RWNewfeatureViewController.m in Sources */ = {isa = PBXBuildFile; fileRef = 6943905C19DE36FD00BE32BF /* RWNewfeatureViewController.m */; };
		6943906019DE468100BE32BF /* RWPageControl.m in Sources */ = {isa = PBXBuildFile; fileRef = 6943905F19DE468100BE32BF /* RWPageControl.m */; };
		6970958A19D798C000D3A2F9 /* RWTabBarButton.m in Sources */ = {isa = PBXBuildFile; fileRef = 6970958919D798C000D3A2F9 /* RWTabBarButton.m */; };
		6970958D19D999AC00D3A2F9 /* RWBadgeButton.m in Sources */ = {isa = PBXBuildFile; fileRef = 6970958C19D999AC00D3A2F9 /* RWBadgeButton.m */; };
		6970959019DA954000D3A2F9 /* RWNavigationController.m in Sources */ = {isa = PBXBuildFile; fileRef = 6970958F19DA954000D3A2F9 /* RWNavigationController.m */; };
/* End PBXBuildFile section */

/* Begin PBXContainerItemProxy section */
		690873B119D41EB300F2568F /* PBXContainerItemProxy */ = {
			isa = PBXContainerItemProxy;
			containerPortal = 6908738919D41EB200F2568F /* Project object */;
			proxyType = 1;
			remoteGlobalIDString = 6908739019D41EB300F2568F;
			remoteInfo = RailsWeibo;
		};
/* End PBXContainerItemProxy section */

/* Begin PBXFileReference section */
		69006D4819DD623C00B0CB4D /* UIBarButtonItem+CY.h */ = {isa = PBXFileReference; fileEncoding = 4; lastKnownFileType = sourcecode.c.h; path = "UIBarButtonItem+CY.h"; sourceTree = "<group>"; };
		69006D4919DD623C00B0CB4D /* UIBarButtonItem+CY.m */ = {isa = PBXFileReference; fileEncoding = 4; lastKnownFileType = sourcecode.c.objc; path = "UIBarButtonItem+CY.m"; sourceTree = "<group>"; };
		69006D4B19DD85A500B0CB4D /* RWSearchBar.h */ = {isa = PBXFileReference; fileEncoding = 4; lastKnownFileType = sourcecode.c.h; path = RWSearchBar.h; sourceTree = "<group>"; };
		69006D4C19DD85A500B0CB4D /* RWSearchBar.m */ = {isa = PBXFileReference; fileEncoding = 4; lastKnownFileType = sourcecode.c.objc; path = RWSearchBar.m; sourceTree = "<group>"; };
		69006D4E19DDA12500B0CB4D /* RWTitleButton.h */ = {isa = PBXFileReference; fileEncoding = 4; lastKnownFileType = sourcecode.c.h; path = RWTitleButton.h; sourceTree = "<group>"; };
		69006D4F19DDA12500B0CB4D /* RWTitleButton.m */ = {isa = PBXFileReference; fileEncoding = 4; lastKnownFileType = sourcecode.c.objc; path = RWTitleButton.m; sourceTree = "<group>"; };
		6908739119D41EB300F2568F /* RailsWeibo.app */ = {isa = PBXFileReference; explicitFileType = wrapper.application; includeInIndex = 0; path = RailsWeibo.app; sourceTree = BUILT_PRODUCTS_DIR; };
		6908739419D41EB300F2568F /* Foundation.framework */ = {isa = PBXFileReference; lastKnownFileType = wrapper.framework; name = Foundation.framework; path = System/Library/Frameworks/Foundation.framework; sourceTree = SDKROOT; };
		6908739619D41EB300F2568F /* CoreGraphics.framework */ = {isa = PBXFileReference; lastKnownFileType = wrapper.framework; name = CoreGraphics.framework; path = System/Library/Frameworks/CoreGraphics.framework; sourceTree = SDKROOT; };
		6908739819D41EB300F2568F /* UIKit.framework */ = {isa = PBXFileReference; lastKnownFileType = wrapper.framework; name = UIKit.framework; path = System/Library/Frameworks/UIKit.framework; sourceTree = SDKROOT; };
		6908739C19D41EB300F2568F /* RailsWeibo-Info.plist */ = {isa = PBXFileReference; lastKnownFileType = text.plist.xml; path = "RailsWeibo-Info.plist"; sourceTree = "<group>"; };
		6908739E19D41EB300F2568F /* en */ = {isa = PBXFileReference; lastKnownFileType = text.plist.strings; name = en; path = en.lproj/InfoPlist.strings; sourceTree = "<group>"; };
		690873A619D41EB300F2568F /* Images.xcassets */ = {isa = PBXFileReference; lastKnownFileType = folder.assetcatalog; path = Images.xcassets; sourceTree = "<group>"; };
		690873AC19D41EB300F2568F /* RailsWeiboTests.xctest */ = {isa = PBXFileReference; explicitFileType = wrapper.cfbundle; includeInIndex = 0; path = RailsWeiboTests.xctest; sourceTree = BUILT_PRODUCTS_DIR; };
		690873AD19D41EB300F2568F /* XCTest.framework */ = {isa = PBXFileReference; lastKnownFileType = wrapper.framework; name = XCTest.framework; path = Library/Frameworks/XCTest.framework; sourceTree = DEVELOPER_DIR; };
		690873B519D41EB300F2568F /* RailsWeiboTests-Info.plist */ = {isa = PBXFileReference; lastKnownFileType = text.plist.xml; path = "RailsWeiboTests-Info.plist"; sourceTree = "<group>"; };
		690873B719D41EB300F2568F /* en */ = {isa = PBXFileReference; lastKnownFileType = text.plist.strings; name = en; path = en.lproj/InfoPlist.strings; sourceTree = "<group>"; };
		690873B919D41EB300F2568F /* RailsWeiboTests.m */ = {isa = PBXFileReference; lastKnownFileType = sourcecode.c.objc; path = RailsWeiboTests.m; sourceTree = "<group>"; };
		690873DB19D56C3F00F2568F /* RWDiscoverViewController.h */ = {isa = PBXFileReference; fileEncoding = 4; lastKnownFileType = sourcecode.c.h; path = RWDiscoverViewController.h; sourceTree = "<group>"; };
		690873DC19D56C3F00F2568F /* RWDiscoverViewController.m */ = {isa = PBXFileReference; fileEncoding = 4; lastKnownFileType = sourcecode.c.objc; path = RWDiscoverViewController.m; sourceTree = "<group>"; };
		690873E319D56C3F00F2568F /* RWHomeViewController.h */ = {isa = PBXFileReference; fileEncoding = 4; lastKnownFileType = sourcecode.c.h; path = RWHomeViewController.h; sourceTree = "<group>"; };
		690873E419D56C3F00F2568F /* RWHomeViewController.m */ = {isa = PBXFileReference; fileEncoding = 4; lastKnownFileType = sourcecode.c.objc; path = RWHomeViewController.m; sourceTree = "<group>"; };
		690873E919D56C3F00F2568F /* RWTabBarViewController.h */ = {isa = PBXFileReference; fileEncoding = 4; lastKnownFileType = sourcecode.c.h; path = RWTabBarViewController.h; sourceTree = "<group>"; };
		690873EA19D56C3F00F2568F /* RWTabBarViewController.m */ = {isa = PBXFileReference; fileEncoding = 4; lastKnownFileType = sourcecode.c.objc; path = RWTabBarViewController.m; sourceTree = "<group>"; };
		690873EF19D56C3F00F2568F /* RWMeViewController.h */ = {isa = PBXFileReference; fileEncoding = 4; lastKnownFileType = sourcecode.c.h; path = RWMeViewController.h; sourceTree = "<group>"; };
		690873F019D56C3F00F2568F /* RWMeViewController.m */ = {isa = PBXFileReference; fileEncoding = 4; lastKnownFileType = sourcecode.c.objc; path = RWMeViewController.m; sourceTree = "<group>"; };
		690873F519D56C3F00F2568F /* RWMessageViewController.h */ = {isa = PBXFileReference; fileEncoding = 4; lastKnownFileType = sourcecode.c.h; path = RWMessageViewController.h; sourceTree = "<group>"; };
		690873F619D56C3F00F2568F /* RWMessageViewController.m */ = {isa = PBXFileReference; fileEncoding = 4; lastKnownFileType = sourcecode.c.objc; path = RWMessageViewController.m; sourceTree = "<group>"; };
		690873FB19D56C3F00F2568F /* main.m */ = {isa = PBXFileReference; fileEncoding = 4; lastKnownFileType = sourcecode.c.objc; path = main.m; sourceTree = "<group>"; };
		690873FC19D56C3F00F2568F /* RailsWeibo-Prefix.pch */ = {isa = PBXFileReference; fileEncoding = 4; lastKnownFileType = sourcecode.c.h; path = "RailsWeibo-Prefix.pch"; sourceTree = "<group>"; };
		690873FD19D56C3F00F2568F /* RWAppDelegate.h */ = {isa = PBXFileReference; fileEncoding = 4; lastKnownFileType = sourcecode.c.h; path = RWAppDelegate.h; sourceTree = "<group>"; };
		690873FE19D56C3F00F2568F /* RWAppDelegate.m */ = {isa = PBXFileReference; fileEncoding = 4; lastKnownFileType = sourcecode.c.objc; path = RWAppDelegate.m; sourceTree = "<group>"; };
		6908740719D56EBB00F2568F /* UIImage+CY.h */ = {isa = PBXFileReference; fileEncoding = 4; lastKnownFileType = sourcecode.c.h; path = "UIImage+CY.h"; sourceTree = "<group>"; };
		6908740819D56EBB00F2568F /* UIImage+CY.m */ = {isa = PBXFileReference; fileEncoding = 4; lastKnownFileType = sourcecode.c.objc; path = "UIImage+CY.m"; sourceTree = "<group>"; };
		6908740A19D596EF00F2568F /* RWTabBar.h */ = {isa = PBXFileReference; fileEncoding = 4; lastKnownFileType = sourcecode.c.h; path = RWTabBar.h; sourceTree = "<group>"; };
		6908740B19D596EF00F2568F /* RWTabBar.m */ = {isa = PBXFileReference; fileEncoding = 4; lastKnownFileType = sourcecode.c.objc; path = RWTabBar.m; sourceTree = "<group>"; };
		6943905B19DE36FD00BE32BF /* RWNewfeatureViewController.h */ = {isa = PBXFileReference; fileEncoding = 4; lastKnownFileType = sourcecode.c.h; path = RWNewfeatureViewController.h; sourceTree = "<group>"; };
		6943905C19DE36FD00BE32BF /* RWNewfeatureViewController.m */ = {isa = PBXFileReference; fileEncoding = 4; lastKnownFileType = sourcecode.c.objc; path = RWNewfeatureViewController.m; sourceTree = "<group>"; };
		6943905E19DE468100BE32BF /* RWPageControl.h */ = {isa = PBXFileReference; fileEncoding = 4; lastKnownFileType = sourcecode.c.h; path = RWPageControl.h; sourceTree = "<group>"; };
		6943905F19DE468100BE32BF /* RWPageControl.m */ = {isa = PBXFileReference; fileEncoding = 4; lastKnownFileType = sourcecode.c.objc; path = RWPageControl.m; sourceTree = "<group>"; };
		6970958819D798C000D3A2F9 /* RWTabBarButton.h */ = {isa = PBXFileReference; fileEncoding = 4; lastKnownFileType = sourcecode.c.h; path = RWTabBarButton.h; sourceTree = "<group>"; };
		6970958919D798C000D3A2F9 /* RWTabBarButton.m */ = {isa = PBXFileReference; fileEncoding = 4; lastKnownFileType = sourcecode.c.objc; path = RWTabBarButton.m; sourceTree = "<group>"; };
		6970958B19D999AB00D3A2F9 /* RWBadgeButton.h */ = {isa = PBXFileReference; fileEncoding = 4; lastKnownFileType = sourcecode.c.h; path = RWBadgeButton.h; sourceTree = "<group>"; };
		6970958C19D999AC00D3A2F9 /* RWBadgeButton.m */ = {isa = PBXFileReference; fileEncoding = 4; lastKnownFileType = sourcecode.c.objc; path = RWBadgeButton.m; sourceTree = "<group>"; };
		6970958E19DA954000D3A2F9 /* RWNavigationController.h */ = {isa = PBXFileReference; fileEncoding = 4; lastKnownFileType = sourcecode.c.h; path = RWNavigationController.h; sourceTree = "<group>"; };
		6970958F19DA954000D3A2F9 /* RWNavigationController.m */ = {isa = PBXFileReference; fileEncoding = 4; lastKnownFileType = sourcecode.c.objc; path = RWNavigationController.m; sourceTree = "<group>"; };
/* End PBXFileReference section */

/* Begin PBXFrameworksBuildPhase section */
		6908738E19D41EB300F2568F /* Frameworks */ = {
			isa = PBXFrameworksBuildPhase;
			buildActionMask = 2147483647;
			files = (
				6908739719D41EB300F2568F /* CoreGraphics.framework in Frameworks */,
				6908739919D41EB300F2568F /* UIKit.framework in Frameworks */,
				6908739519D41EB300F2568F /* Foundation.framework in Frameworks */,
			);
			runOnlyForDeploymentPostprocessing = 0;
		};
		690873A919D41EB300F2568F /* Frameworks */ = {
			isa = PBXFrameworksBuildPhase;
			buildActionMask = 2147483647;
			files = (
				690873AE19D41EB300F2568F /* XCTest.framework in Frameworks */,
				690873B019D41EB300F2568F /* UIKit.framework in Frameworks */,
				690873AF19D41EB300F2568F /* Foundation.framework in Frameworks */,
			);
			runOnlyForDeploymentPostprocessing = 0;
		};
/* End PBXFrameworksBuildPhase section */

/* Begin PBXGroup section */
		6908738819D41EB200F2568F = {
			isa = PBXGroup;
			children = (
				6908739A19D41EB300F2568F /* RailsWeibo */,
				690873B319D41EB300F2568F /* RailsWeiboTests */,
				6908739319D41EB300F2568F /* Frameworks */,
				6908739219D41EB300F2568F /* Products */,
			);
			sourceTree = "<group>";
		};
		6908739219D41EB300F2568F /* Products */ = {
			isa = PBXGroup;
			children = (
				6908739119D41EB300F2568F /* RailsWeibo.app */,
				690873AC19D41EB300F2568F /* RailsWeiboTests.xctest */,
			);
			name = Products;
			sourceTree = "<group>";
		};
		6908739319D41EB300F2568F /* Frameworks */ = {
			isa = PBXGroup;
			children = (
				6908739419D41EB300F2568F /* Foundation.framework */,
				6908739619D41EB300F2568F /* CoreGraphics.framework */,
				6908739819D41EB300F2568F /* UIKit.framework */,
				690873AD19D41EB300F2568F /* XCTest.framework */,
			);
			name = Frameworks;
			sourceTree = "<group>";
		};
		6908739A19D41EB300F2568F /* RailsWeibo */ = {
			isa = PBXGroup;
			children = (
				690873D819D56C3F00F2568F /* Classes */,
				6908739B19D41EB300F2568F /* Supporting Files */,
			);
			path = RailsWeibo;
			sourceTree = "<group>";
		};
		6908739B19D41EB300F2568F /* Supporting Files */ = {
			isa = PBXGroup;
			children = (
				690873A619D41EB300F2568F /* Images.xcassets */,
				6908739C19D41EB300F2568F /* RailsWeibo-Info.plist */,
				6908739D19D41EB300F2568F /* InfoPlist.strings */,
			);
			name = "Supporting Files";
			sourceTree = "<group>";
		};
		690873B319D41EB300F2568F /* RailsWeiboTests */ = {
			isa = PBXGroup;
			children = (
				690873B919D41EB300F2568F /* RailsWeiboTests.m */,
				690873B419D41EB300F2568F /* Supporting Files */,
			);
			path = RailsWeiboTests;
			sourceTree = "<group>";
		};
		690873B419D41EB300F2568F /* Supporting Files */ = {
			isa = PBXGroup;
			children = (
				690873B519D41EB300F2568F /* RailsWeiboTests-Info.plist */,
				690873B619D41EB300F2568F /* InfoPlist.strings */,
			);
			name = "Supporting Files";
			sourceTree = "<group>";
		};
		690873D819D56C3F00F2568F /* Classes */ = {
			isa = PBXGroup;
			children = (
				6943905719DE36B100BE32BF /* Newfeature(新特性) */,
				690873D919D56C3F00F2568F /* Discover(广场) */,
				690873DF19D56C3F00F2568F /* Home(首页) */,
				690873E719D56C3F00F2568F /* Main(主要) */,
				690873ED19D56C3F00F2568F /* Me(我) */,
				690873F319D56C3F00F2568F /* Message(消息) */,
				690873F919D56C3F00F2568F /* Other(其他) */,
			);
			path = Classes;
			sourceTree = "<group>";
		};
		690873D919D56C3F00F2568F /* Discover(广场) */ = {
			isa = PBXGroup;
			children = (
				690873DA19D56C3F00F2568F /* Controller */,
				690873DD19D56C3F00F2568F /* Model */,
				690873DE19D56C3F00F2568F /* View */,
			);
			path = "Discover(广场)";
			sourceTree = "<group>";
		};
		690873DA19D56C3F00F2568F /* Controller */ = {
			isa = PBXGroup;
			children = (
				690873DB19D56C3F00F2568F /* RWDiscoverViewController.h */,
				690873DC19D56C3F00F2568F /* RWDiscoverViewController.m */,
			);
			path = Controller;
			sourceTree = "<group>";
		};
		690873DD19D56C3F00F2568F /* Model */ = {
			isa = PBXGroup;
			children = (
			);
			path = Model;
			sourceTree = "<group>";
		};
		690873DE19D56C3F00F2568F /* View */ = {
			isa = PBXGroup;
			children = (
				69006D4B19DD85A500B0CB4D /* RWSearchBar.h */,
				69006D4C19DD85A500B0CB4D /* RWSearchBar.m */,
			);
			path = View;
			sourceTree = "<group>";
		};
		690873DF19D56C3F00F2568F /* Home(首页) */ = {
			isa = PBXGroup;
			children = (
				690873E019D56C3F00F2568F /* Controller */,
				690873E519D56C3F00F2568F /* Model */,
				690873E619D56C3F00F2568F /* View */,
			);
			path = "Home(首页)";
			sourceTree = "<group>";
		};
		690873E019D56C3F00F2568F /* Controller */ = {
			isa = PBXGroup;
			children = (
				690873E319D56C3F00F2568F /* RWHomeViewController.h */,
				690873E419D56C3F00F2568F /* RWHomeViewController.m */,
			);
			path = Controller;
			sourceTree = "<group>";
		};
		690873E519D56C3F00F2568F /* Model */ = {
			isa = PBXGroup;
			children = (
			);
			path = Model;
			sourceTree = "<group>";
		};
		690873E619D56C3F00F2568F /* View */ = {
			isa = PBXGroup;
			children = (
				69006D4E19DDA12500B0CB4D /* RWTitleButton.h */,
				69006D4F19DDA12500B0CB4D /* RWTitleButton.m */,
			);
			path = View;
			sourceTree = "<group>";
		};
		690873E719D56C3F00F2568F /* Main(主要) */ = {
			isa = PBXGroup;
			children = (
				690873E819D56C3F00F2568F /* Controller */,
				690873EB19D56C3F00F2568F /* Model */,
				690873EC19D56C3F00F2568F /* View */,
			);
			path = "Main(主要)";
			sourceTree = "<group>";
		};
		690873E819D56C3F00F2568F /* Controller */ = {
			isa = PBXGroup;
			children = (
				690873E919D56C3F00F2568F /* RWTabBarViewController.h */,
				690873EA19D56C3F00F2568F /* RWTabBarViewController.m */,
				6970958E19DA954000D3A2F9 /* RWNavigationController.h */,
				6970958F19DA954000D3A2F9 /* RWNavigationController.m */,
			);
			path = Controller;
			sourceTree = "<group>";
		};
		690873EB19D56C3F00F2568F /* Model */ = {
			isa = PBXGroup;
			children = (
			);
			path = Model;
			sourceTree = "<group>";
		};
		690873EC19D56C3F00F2568F /* View */ = {
			isa = PBXGroup;
			children = (
				6908740A19D596EF00F2568F /* RWTabBar.h */,
				6908740B19D596EF00F2568F /* RWTabBar.m */,
				6970958819D798C000D3A2F9 /* RWTabBarButton.h */,
				6970958919D798C000D3A2F9 /* RWTabBarButton.m */,
				6970958B19D999AB00D3A2F9 /* RWBadgeButton.h */,
				6970958C19D999AC00D3A2F9 /* RWBadgeButton.m */,
			);
			path = View;
			sourceTree = "<group>";
		};
		690873ED19D56C3F00F2568F /* Me(我) */ = {
			isa = PBXGroup;
			children = (
				690873EE19D56C3F00F2568F /* Controller */,
				690873F119D56C3F00F2568F /* Model */,
				690873F219D56C3F00F2568F /* View */,
			);
			path = "Me(我)";
			sourceTree = "<group>";
		};
		690873EE19D56C3F00F2568F /* Controller */ = {
			isa = PBXGroup;
			children = (
				690873EF19D56C3F00F2568F /* RWMeViewController.h */,
				690873F019D56C3F00F2568F /* RWMeViewController.m */,
			);
			path = Controller;
			sourceTree = "<group>";
		};
		690873F119D56C3F00F2568F /* Model */ = {
			isa = PBXGroup;
			children = (
			);
			path = Model;
			sourceTree = "<group>";
		};
		690873F219D56C3F00F2568F /* View */ = {
			isa = PBXGroup;
			children = (
			);
			path = View;
			sourceTree = "<group>";
		};
		690873F319D56C3F00F2568F /* Message(消息) */ = {
			isa = PBXGroup;
			children = (
				690873F419D56C3F00F2568F /* Controller */,
				690873F719D56C3F00F2568F /* Model */,
				690873F819D56C3F00F2568F /* View */,
			);
			path = "Message(消息)";
			sourceTree = "<group>";
		};
		690873F419D56C3F00F2568F /* Controller */ = {
			isa = PBXGroup;
			children = (
				690873F519D56C3F00F2568F /* RWMessageViewController.h */,
				690873F619D56C3F00F2568F /* RWMessageViewController.m */,
			);
			path = Controller;
			sourceTree = "<group>";
		};
		690873F719D56C3F00F2568F /* Model */ = {
			isa = PBXGroup;
			children = (
			);
			path = Model;
			sourceTree = "<group>";
		};
		690873F819D56C3F00F2568F /* View */ = {
			isa = PBXGroup;
			children = (
			);
			path = View;
			sourceTree = "<group>";
		};
		690873F919D56C3F00F2568F /* Other(其他) */ = {
			isa = PBXGroup;
			children = (
				690873FA19D56C3F00F2568F /* Category */,
				690873FB19D56C3F00F2568F /* main.m */,
				690873FC19D56C3F00F2568F /* RailsWeibo-Prefix.pch */,
				690873FD19D56C3F00F2568F /* RWAppDelegate.h */,
				690873FE19D56C3F00F2568F /* RWAppDelegate.m */,
			);
			path = "Other(其他)";
			sourceTree = "<group>";
		};
		690873FA19D56C3F00F2568F /* Category */ = {
			isa = PBXGroup;
			children = (
				6908740719D56EBB00F2568F /* UIImage+CY.h */,
				6908740819D56EBB00F2568F /* UIImage+CY.m */,
				69006D4819DD623C00B0CB4D /* UIBarButtonItem+CY.h */,
				69006D4919DD623C00B0CB4D /* UIBarButtonItem+CY.m */,
			);
			path = Category;
			sourceTree = "<group>";
		};
		6943905719DE36B100BE32BF /* Newfeature(新特性) */ = {
			isa = PBXGroup;
			children = (
				6943905819DE36B100BE32BF /* Controller */,
				6943905919DE36B100BE32BF /* Model */,
				6943905A19DE36B100BE32BF /* View */,
			);
			path = "Newfeature(新特性)";
			sourceTree = "<group>";
		};
		6943905819DE36B100BE32BF /* Controller */ = {
			isa = PBXGroup;
			children = (
				6943905B19DE36FD00BE32BF /* RWNewfeatureViewController.h */,
				6943905C19DE36FD00BE32BF /* RWNewfeatureViewController.m */,
			);
			path = Controller;
			sourceTree = "<group>";
		};
		6943905919DE36B100BE32BF /* Model */ = {
			isa = PBXGroup;
			children = (
			);
			path = Model;
			sourceTree = "<group>";
		};
		6943905A19DE36B100BE32BF /* View */ = {
			isa = PBXGroup;
			children = (
				6943905E19DE468100BE32BF /* RWPageControl.h */,
				6943905F19DE468100BE32BF /* RWPageControl.m */,
			);
			path = View;
			sourceTree = "<group>";
		};
/* End PBXGroup section */

/* Begin PBXNativeTarget section */
		6908739019D41EB300F2568F /* RailsWeibo */ = {
			isa = PBXNativeTarget;
			buildConfigurationList = 690873BD19D41EB300F2568F /* Build configuration list for PBXNativeTarget "RailsWeibo" */;
			buildPhases = (
				6908738D19D41EB300F2568F /* Sources */,
				6908738E19D41EB300F2568F /* Frameworks */,
				6908738F19D41EB300F2568F /* Resources */,
			);
			buildRules = (
			);
			dependencies = (
			);
			name = RailsWeibo;
			productName = RailsWeibo;
			productReference = 6908739119D41EB300F2568F /* RailsWeibo.app */;
			productType = "com.apple.product-type.application";
		};
		690873AB19D41EB300F2568F /* RailsWeiboTests */ = {
			isa = PBXNativeTarget;
			buildConfigurationList = 690873C019D41EB300F2568F /* Build configuration list for PBXNativeTarget "RailsWeiboTests" */;
			buildPhases = (
				690873A819D41EB300F2568F /* Sources */,
				690873A919D41EB300F2568F /* Frameworks */,
				690873AA19D41EB300F2568F /* Resources */,
			);
			buildRules = (
			);
			dependencies = (
				690873B219D41EB300F2568F /* PBXTargetDependency */,
			);
			name = RailsWeiboTests;
			productName = RailsWeiboTests;
			productReference = 690873AC19D41EB300F2568F /* RailsWeiboTests.xctest */;
			productType = "com.apple.product-type.bundle.unit-test";
		};
/* End PBXNativeTarget section */

/* Begin PBXProject section */
		6908738919D41EB200F2568F /* Project object */ = {
			isa = PBXProject;
			attributes = {
				CLASSPREFIX = RW;
				LastUpgradeCheck = 0510;
				ORGANIZATIONNAME = Railsgem;
				TargetAttributes = {
					690873AB19D41EB300F2568F = {
						TestTargetID = 6908739019D41EB300F2568F;
					};
				};
			};
			buildConfigurationList = 6908738C19D41EB200F2568F /* Build configuration list for PBXProject "RailsWeibo" */;
			compatibilityVersion = "Xcode 3.2";
			developmentRegion = English;
			hasScannedForEncodings = 0;
			knownRegions = (
				en,
			);
			mainGroup = 6908738819D41EB200F2568F;
			productRefGroup = 6908739219D41EB300F2568F /* Products */;
			projectDirPath = "";
			projectRoot = "";
			targets = (
				6908739019D41EB300F2568F /* RailsWeibo */,
				690873AB19D41EB300F2568F /* RailsWeiboTests */,
			);
		};
/* End PBXProject section */

/* Begin PBXResourcesBuildPhase section */
		6908738F19D41EB300F2568F /* Resources */ = {
			isa = PBXResourcesBuildPhase;
			buildActionMask = 2147483647;
			files = (
				6908739F19D41EB300F2568F /* InfoPlist.strings in Resources */,
				690873A719D41EB300F2568F /* Images.xcassets in Resources */,
			);
			runOnlyForDeploymentPostprocessing = 0;
		};
		690873AA19D41EB300F2568F /* Resources */ = {
			isa = PBXResourcesBuildPhase;
			buildActionMask = 2147483647;
			files = (
				690873B819D41EB300F2568F /* InfoPlist.strings in Resources */,
			);
			runOnlyForDeploymentPostprocessing = 0;
		};
/* End PBXResourcesBuildPhase section */

/* Begin PBXSourcesBuildPhase section */
		6908738D19D41EB300F2568F /* Sources */ = {
			isa = PBXSourcesBuildPhase;
			buildActionMask = 2147483647;
			files = (
				69006D5019DDA12500B0CB4D /* RWTitleButton.m in Sources */,
				6970959019DA954000D3A2F9 /* RWNavigationController.m in Sources */,
				6970958D19D999AC00D3A2F9 /* RWBadgeButton.m in Sources */,
				6908740119D56C3F00F2568F /* RWHomeViewController.m in Sources */,
				6908740419D56C3F00F2568F /* RWMessageViewController.m in Sources */,
				6943906019DE468100BE32BF /* RWPageControl.m in Sources */,
				6943905D19DE36FD00BE32BF /* RWNewfeatureViewController.m in Sources */,
				6970958A19D798C000D3A2F9 /* RWTabBarButton.m in Sources */,
				6908740219D56C3F00F2568F /* RWTabBarViewController.m in Sources */,
				6908740319D56C3F00F2568F /* RWMeViewController.m in Sources */,
				69006D4A19DD623C00B0CB4D /* UIBarButtonItem+CY.m in Sources */,
				690873FF19D56C3F00F2568F /* RWDiscoverViewController.m in Sources */,
				6908740619D56C3F00F2568F /* RWAppDelegate.m in Sources */,
				69006D4D19DD85A500B0CB4D /* RWSearchBar.m in Sources */,
				6908740C19D596EF00F2568F /* RWTabBar.m in Sources */,
				6908740519D56C3F00F2568F /* main.m in Sources */,
				6908740919D56EBB00F2568F /* UIImage+CY.m in Sources */,
			);
			runOnlyForDeploymentPostprocessing = 0;
		};
		690873A819D41EB300F2568F /* Sources */ = {
			isa = PBXSourcesBuildPhase;
			buildActionMask = 2147483647;
			files = (
				690873BA19D41EB300F2568F /* RailsWeiboTests.m in Sources */,
			);
			runOnlyForDeploymentPostprocessing = 0;
		};
/* End PBXSourcesBuildPhase section */

/* Begin PBXTargetDependency section */
		690873B219D41EB300F2568F /* PBXTargetDependency */ = {
			isa = PBXTargetDependency;
			target = 6908739019D41EB300F2568F /* RailsWeibo */;
			targetProxy = 690873B119D41EB300F2568F /* PBXContainerItemProxy */;
		};
/* End PBXTargetDependency section */

/* Begin PBXVariantGroup section */
		6908739D19D41EB300F2568F /* InfoPlist.strings */ = {
			isa = PBXVariantGroup;
			children = (
				6908739E19D41EB300F2568F /* en */,
			);
			name = InfoPlist.strings;
			sourceTree = "<group>";
		};
		690873B619D41EB300F2568F /* InfoPlist.strings */ = {
			isa = PBXVariantGroup;
			children = (
				690873B719D41EB300F2568F /* en */,
			);
			name = InfoPlist.strings;
			sourceTree = "<group>";
		};
/* End PBXVariantGroup section */

/* Begin XCBuildConfiguration section */
		690873BB19D41EB300F2568F /* Debug */ = {
			isa = XCBuildConfiguration;
			buildSettings = {
				ALWAYS_SEARCH_USER_PATHS = NO;
				CLANG_CXX_LANGUAGE_STANDARD = "gnu++0x";
				CLANG_CXX_LIBRARY = "libc++";
				CLANG_ENABLE_MODULES = YES;
				CLANG_ENABLE_OBJC_ARC = YES;
				CLANG_WARN_BOOL_CONVERSION = YES;
				CLANG_WARN_CONSTANT_CONVERSION = YES;
				CLANG_WARN_DIRECT_OBJC_ISA_USAGE = YES_ERROR;
				CLANG_WARN_EMPTY_BODY = YES;
				CLANG_WARN_ENUM_CONVERSION = YES;
				CLANG_WARN_INT_CONVERSION = YES;
				CLANG_WARN_OBJC_ROOT_CLASS = YES_ERROR;
				CLANG_WARN__DUPLICATE_METHOD_MATCH = YES;
				"CODE_SIGN_IDENTITY[sdk=iphoneos*]" = "iPhone Developer";
				COPY_PHASE_STRIP = NO;
				GCC_C_LANGUAGE_STANDARD = gnu99;
				GCC_DYNAMIC_NO_PIC = NO;
				GCC_OPTIMIZATION_LEVEL = 0;
				GCC_PREPROCESSOR_DEFINITIONS = (
					"DEBUG=1",
					"$(inherited)",
				);
				GCC_SYMBOLS_PRIVATE_EXTERN = NO;
				GCC_WARN_64_TO_32_BIT_CONVERSION = YES;
				GCC_WARN_ABOUT_RETURN_TYPE = YES_ERROR;
				GCC_WARN_UNDECLARED_SELECTOR = YES;
				GCC_WARN_UNINITIALIZED_AUTOS = YES_AGGRESSIVE;
				GCC_WARN_UNUSED_FUNCTION = YES;
				GCC_WARN_UNUSED_VARIABLE = YES;
				IPHONEOS_DEPLOYMENT_TARGET = 7.1;
				ONLY_ACTIVE_ARCH = YES;
				SDKROOT = iphoneos;
			};
			name = Debug;
		};
		690873BC19D41EB300F2568F /* Release */ = {
			isa = XCBuildConfiguration;
			buildSettings = {
				ALWAYS_SEARCH_USER_PATHS = NO;
				CLANG_CXX_LANGUAGE_STANDARD = "gnu++0x";
				CLANG_CXX_LIBRARY = "libc++";
				CLANG_ENABLE_MODULES = YES;
				CLANG_ENABLE_OBJC_ARC = YES;
				CLANG_WARN_BOOL_CONVERSION = YES;
				CLANG_WARN_CONSTANT_CONVERSION = YES;
				CLANG_WARN_DIRECT_OBJC_ISA_USAGE = YES_ERROR;
				CLANG_WARN_EMPTY_BODY = YES;
				CLANG_WARN_ENUM_CONVERSION = YES;
				CLANG_WARN_INT_CONVERSION = YES;
				CLANG_WARN_OBJC_ROOT_CLASS = YES_ERROR;
				CLANG_WARN__DUPLICATE_METHOD_MATCH = YES;
				"CODE_SIGN_IDENTITY[sdk=iphoneos*]" = "iPhone Developer";
				COPY_PHASE_STRIP = YES;
				ENABLE_NS_ASSERTIONS = NO;
				GCC_C_LANGUAGE_STANDARD = gnu99;
				GCC_WARN_64_TO_32_BIT_CONVERSION = YES;
				GCC_WARN_ABOUT_RETURN_TYPE = YES_ERROR;
				GCC_WARN_UNDECLARED_SELECTOR = YES;
				GCC_WARN_UNINITIALIZED_AUTOS = YES_AGGRESSIVE;
				GCC_WARN_UNUSED_FUNCTION = YES;
				GCC_WARN_UNUSED_VARIABLE = YES;
				IPHONEOS_DEPLOYMENT_TARGET = 7.1;
				SDKROOT = iphoneos;
				VALIDATE_PRODUCT = YES;
			};
			name = Release;
		};
		690873BE19D41EB300F2568F /* Debug */ = {
			isa = XCBuildConfiguration;
			buildSettings = {
				ASSETCATALOG_COMPILER_APPICON_NAME = AppIcon;
				ASSETCATALOG_COMPILER_LAUNCHIMAGE_NAME = LaunchImage;
				GCC_PRECOMPILE_PREFIX_HEADER = YES;
				GCC_PREFIX_HEADER = "RailsWeibo/Classes/Other(其他)/RailsWeibo-Prefix.pch";
				INFOPLIST_FILE = "RailsWeibo/RailsWeibo-Info.plist";
				IPHONEOS_DEPLOYMENT_TARGET = 6.1;
				PRODUCT_NAME = "$(TARGET_NAME)";
				WRAPPER_EXTENSION = app;
			};
			name = Debug;
		};
		690873BF19D41EB300F2568F /* Release */ = {
			isa = XCBuildConfiguration;
			buildSettings = {
				ASSETCATALOG_COMPILER_APPICON_NAME = AppIcon;
				ASSETCATALOG_COMPILER_LAUNCHIMAGE_NAME = LaunchImage;
				GCC_PRECOMPILE_PREFIX_HEADER = YES;
				GCC_PREFIX_HEADER = "RailsWeibo/Classes/Other(其他)/RailsWeibo-Prefix.pch";
				INFOPLIST_FILE = "RailsWeibo/RailsWeibo-Info.plist";
				IPHONEOS_DEPLOYMENT_TARGET = 6.1;
				PRODUCT_NAME = "$(TARGET_NAME)";
				WRAPPER_EXTENSION = app;
			};
			name = Release;
		};
		690873C119D41EB300F2568F /* Debug */ = {
			isa = XCBuildConfiguration;
			buildSettings = {
				BUNDLE_LOADER = "$(BUILT_PRODUCTS_DIR)/RailsWeibo.app/RailsWeibo";
				FRAMEWORK_SEARCH_PATHS = (
					"$(SDKROOT)/Developer/Library/Frameworks",
					"$(inherited)",
					"$(DEVELOPER_FRAMEWORKS_DIR)",
				);
				GCC_PRECOMPILE_PREFIX_HEADER = YES;
				GCC_PREFIX_HEADER = "RailsWeibo/RailsWeibo-Prefix.pch";
				GCC_PREPROCESSOR_DEFINITIONS = (
					"DEBUG=1",
					"$(inherited)",
				);
				INFOPLIST_FILE = "RailsWeiboTests/RailsWeiboTests-Info.plist";
				PRODUCT_NAME = "$(TARGET_NAME)";
				TEST_HOST = "$(BUNDLE_LOADER)";
				WRAPPER_EXTENSION = xctest;
			};
			name = Debug;
		};
		690873C219D41EB300F2568F /* Release */ = {
			isa = XCBuildConfiguration;
			buildSettings = {
				BUNDLE_LOADER = "$(BUILT_PRODUCTS_DIR)/RailsWeibo.app/RailsWeibo";
				FRAMEWORK_SEARCH_PATHS = (
					"$(SDKROOT)/Developer/Library/Frameworks",
					"$(inherited)",
					"$(DEVELOPER_FRAMEWORKS_DIR)",
				);
				GCC_PRECOMPILE_PREFIX_HEADER = YES;
				GCC_PREFIX_HEADER = "RailsWeibo/RailsWeibo-Prefix.pch";
				INFOPLIST_FILE = "RailsWeiboTests/RailsWeiboTests-Info.plist";
				PRODUCT_NAME = "$(TARGET_NAME)";
				TEST_HOST = "$(BUNDLE_LOADER)";
				WRAPPER_EXTENSION = xctest;
			};
			name = Release;
		};
/* End XCBuildConfiguration section */

/* Begin XCConfigurationList section */
		6908738C19D41EB200F2568F /* Build configuration list for PBXProject "RailsWeibo" */ = {
			isa = XCConfigurationList;
			buildConfigurations = (
				690873BB19D41EB300F2568F /* Debug */,
				690873BC19D41EB300F2568F /* Release */,
			);
			defaultConfigurationIsVisible = 0;
			defaultConfigurationName = Release;
		};
		690873BD19D41EB300F2568F /* Build configuration list for PBXNativeTarget "RailsWeibo" */ = {
			isa = XCConfigurationList;
			buildConfigurations = (
				690873BE19D41EB300F2568F /* Debug */,
				690873BF19D41EB300F2568F /* Release */,
			);
			defaultConfigurationIsVisible = 0;
			defaultConfigurationName = Release;
		};
		690873C019D41EB300F2568F /* Build configuration list for PBXNativeTarget "RailsWeiboTests" */ = {
			isa = XCConfigurationList;
			buildConfigurations = (
				690873C119D41EB300F2568F /* Debug */,
				690873C219D41EB300F2568F /* Release */,
			);
			defaultConfigurationIsVisible = 0;
			defaultConfigurationName = Release;
		};
/* End XCConfigurationList section */
	};
	rootObject = 6908738919D41EB200F2568F /* Project object */;
}
